
Microsoft Visual Studio Solution File, Format Version 12.00
# Visual Studio Version 16
VisualStudioVersion = 16.0.30011.22
MinimumVisualStudioVersion = 10.0.40219.1
Project("{FAE04EC0-301F-11D3-BF4B-00C04F79EFBC}") = "ytsmovies.Android", "ytsmovies.Android\ytsmovies.Android.csproj", "{131C0BE2-3F4C-403D-89E1-794C16FEB8CE}"
	ProjectSection(ProjectDependencies) = postProject
		{634744AE-D0B5-4B94-8EFB-6B4811F16E9F} = {634744AE-D0B5-4B94-8EFB-6B4811F16E9F}
	EndProjectSection
EndProject
Project("{FAE04EC0-301F-11D3-BF4B-00C04F79EFBC}") = "ytsmovies.iOS", "ytsmovies.iOS\ytsmovies.iOS.csproj", "{634744AE-D0B5-4B94-8EFB-6B4811F16E9F}"
EndProject
Project("{9A19103F-16F7-4668-BE54-9A1E7A4F7556}") = "ytsmovies", "ytsmovies\ytsmovies.csproj", "{6E11A214-2768-4C91-BF9B-B978A87A6A4B}"
EndProject
Global
	GlobalSection(SolutionConfigurationPlatforms) = preSolution
		Debug|Any CPU = Debug|Any CPU
		Debug|iPhone = Debug|iPhone
		Debug|iPhoneSimulator = Debug|iPhoneSimulator
		Release|Any CPU = Release|Any CPU
		Release|iPhone = Release|iPhone
		Release|iPhoneSimulator = Release|iPhoneSimulator
	EndGlobalSection
	GlobalSection(ProjectConfigurationPlatforms) = postSolution
		{131C0BE2-3F4C-403D-89E1-794C16FEB8CE}.Debug|Any CPU.ActiveCfg = Debug|Any CPU
		{131C0BE2-3F4C-403D-89E1-794C16FEB8CE}.Debug|Any CPU.Build.0 = Debug|Any CPU
		{131C0BE2-3F4C-403D-89E1-794C16FEB8CE}.Debug|Any CPU.Deploy.0 = Debug|Any CPU
		{131C0BE2-3F4C-403D-89E1-794C16FEB8CE}.Debug|iPhone.ActiveCfg = Debug|Any CPU
		{131C0BE2-3F4C-403D-89E1-794C16FEB8CE}.Debug|iPhone.Build.0 = Debug|Any CPU
		{131C0BE2-3F4C-403D-89E1-794C16FEB8CE}.Debug|iPhone.Deploy.0 = Debug|Any CPU
		{131C0BE2-3F4C-403D-89E1-794C16FEB8CE}.Debug|iPhoneSimulator.ActiveCfg = Debug|Any CPU
		{131C0BE2-3F4C-403D-89E1-794C16FEB8CE}.Debug|iPhoneSimulator.Build.0 = Debug|Any CPU
		{131C0BE2-3F4C-403D-89E1-794C16FEB8CE}.Debug|iPhoneSimulator.Deploy.0 = Debug|Any CPU
		{131C0BE2-3F4C-403D-89E1-794C16FEB8CE}.Release|Any CPU.ActiveCfg = Release|Any CPU
		{131C0BE2-3F4C-403D-89E1-794C16FEB8CE}.Release|Any CPU.Build.0 = Release|Any CPU
		{131C0BE2-3F4C-403D-89E1-794C16FEB8CE}.Release|Any CPU.Deploy.0 = Release|Any CPU
		{131C0BE2-3F4C-403D-89E1-794C16FEB8CE}.Release|iPhone.ActiveCfg = Release|Any CPU
		{131C0BE2-3F4C-403D-89E1-794C16FEB8CE}.Release|iPhone.Build.0 = Release|Any CPU
		{131C0BE2-3F4C-403D-89E1-794C16FEB8CE}.Release|iPhone.Deploy.0 = Release|Any CPU
		{131C0BE2-3F4C-403D-89E1-794C16FEB8CE}.Release|iPhoneSimulator.ActiveCfg = Release|Any CPU
		{131C0BE2-3F4C-403D-89E1-794C16FEB8CE}.Release|iPhoneSimulator.Build.0 = Release|Any CPU
		{131C0BE2-3F4C-403D-89E1-794C16FEB8CE}.Release|iPhoneSimulator.Deploy.0 = Release|Any CPU
		{634744AE-D0B5-4B94-8EFB-6B4811F16E9F}.Debug|Any CPU.ActiveCfg = Debug|iPhone
		{634744AE-D0B5-4B94-8EFB-6B4811F16E9F}.Debug|Any CPU.Build.0 = Debug|iPhone
		{634744AE-D0B5-4B94-8EFB-6B4811F16E9F}.Debug|Any CPU.Deploy.0 = Debug|iPhone
		{634744AE-D0B5-4B94-8EFB-6B4811F16E9F}.Debug|iPhone.ActiveCfg = Debug|iPhone
		{634744AE-D0B5-4B94-8EFB-6B4811F16E9F}.Debug|iPhone.Build.0 = Debug|iPhone
		{634744AE-D0B5-4B94-8EFB-6B4811F16E9F}.Debug|iPhone.Deploy.0 = Debug|iPhone
		{634744AE-D0B5-4B94-8EFB-6B4811F16E9F}.Debug|iPhoneSimulator.ActiveCfg = Debug|iPhoneSimulator
		{634744AE-D0B5-4B94-8EFB-6B4811F16E9F}.Debug|iPhoneSimulator.Build.0 = Debug|iPhoneSimulator
		{634744AE-D0B5-4B94-8EFB-6B4811F16E9F}.Debug|iPhoneSimulator.Deploy.0 = Debug|iPhoneSimulator
		{634744AE-D0B5-4B94-8EFB-6B4811F16E9F}.Release|Any CPU.ActiveCfg = Release|iPhone
		{634744AE-D0B5-4B94-8EFB-6B4811F16E9F}.Release|Any CPU.Build.0 = Release|iPhone
		{634744AE-D0B5-4B94-8EFB-6B4811F16E9F}.Release|Any CPU.Deploy.0 = Release|iPhone
		{634744AE-D0B5-4B94-8EFB-6B4811F16E9F}.Release|iPhone.ActiveCfg = Release|iPhone
		{634744AE-D0B5-4B94-8EFB-6B4811F16E9F}.Release|iPhone.Build.0 = Release|iPhone
		{634744AE-D0B5-4B94-8EFB-6B4811F16E9F}.Release|iPhone.Deploy.0 = Release|iPhone
		{634744AE-D0B5-4B94-8EFB-6B4811F16E9F}.Release|iPhoneSimulator.ActiveCfg = Release|iPhoneSimulator
		{634744AE-D0B5-4B94-8EFB-6B4811F16E9F}.Release|iPhoneSimulator.Build.0 = Release|iPhoneSimulator
		{634744AE-D0B5-4B94-8EFB-6B4811F16E9F}.Release|iPhoneSimulator.Deploy.0 = Release|iPhoneSimulator
		{6E11A214-2768-4C91-BF9B-B978A87A6A4B}.Debug|Any CPU.ActiveCfg = Debug|Any CPU
		{6E11A214-2768-4C91-BF9B-B978A87A6A4B}.Debug|Any CPU.Build.0 = Debug|Any CPU
		{6E11A214-2768-4C91-BF9B-B978A87A6A4B}.Debug|Any CPU.Deploy.0 = Debug|Any CPU
		{6E11A214-2768-4C91-BF9B-B978A87A6A4B}.Debug|iPhone.ActiveCfg = Debug|Any CPU
		{6E11A214-2768-4C91-BF9B-B978A87A6A4B}.Debug|iPhone.Build.0 = Debug|Any CPU
		{6E11A214-2768-4C91-BF9B-B978A87A6A4B}.Debug|iPhone.Deploy.0 = Debug|Any CPU
		{6E11A214-2768-4C91-BF9B-B978A87A6A4B}.Debug|iPhoneSimulator.ActiveCfg = Debug|Any CPU
		{6E11A214-2768-4C91-BF9B-B978A87A6A4B}.Debug|iPhoneSimulator.Build.0 = Debug|Any CPU
		{6E11A214-2768-4C91-BF9B-B978A87A6A4B}.Debug|iPhoneSimulator.Deploy.0 = Debug|Any CPU
		{6E11A214-2768-4C91-BF9B-B978A87A6A4B}.Release|Any CPU.ActiveCfg = Release|Any CPU
		{6E11A214-2768-4C91-BF9B-B978A87A6A4B}.Release|Any CPU.Build.0 = Release|Any CPU
		{6E11A214-2768-4C91-BF9B-B978A87A6A4B}.Release|Any CPU.Deploy.0 = Release|Any CPU
		{6E11A214-2768-4C91-BF9B-B978A87A6A4B}.Release|iPhone.ActiveCfg = Release|Any CPU
		{6E11A214-2768-4C91-BF9B-B978A87A6A4B}.Release|iPhone.Build.0 = Release|Any CPU
		{6E11A214-2768-4C91-BF9B-B978A87A6A4B}.Release|iPhone.Deploy.0 = Release|Any CPU
		{6E11A214-2768-4C91-BF9B-B978A87A6A4B}.Release|iPhoneSimulator.ActiveCfg = Release|Any CPU
		{6E11A214-2768-4C91-BF9B-B978A87A6A4B}.Release|iPhoneSimulator.Build.0 = Release|Any CPU
		{6E11A214-2768-4C91-BF9B-B978A87A6A4B}.Release|iPhoneSimulator.Deploy.0 = Release|Any CPU
	EndGlobalSection
	GlobalSection(SolutionProperties) = preSolution
		HideSolutionNode = FALSE
	EndGlobalSection
	GlobalSection(ExtensibilityGlobals) = postSolution
		SolutionGuid = {34C3FF27-1EA8-449D-833E-531FE4CBEE52}
	EndGlobalSection
EndGlobal
